<?xml version="1.0" encoding="utf-8"?>
<Project ToolsVersion="4.0" xmlns="http://schemas.microsoft.com/developer/msbuild/2003">
  <ItemGroup>
    <ClCompile Include="ContentsCore.cpp" />
    <ClCompile Include="PreCompile.cpp">
      <Filter>PreCompile</Filter>
    </ClCompile>
    <ClCompile Include="Player.cpp">
      <Filter>Object</Filter>
    </ClCompile>
    <ClCompile Include="PlayLevel.cpp">
      <Filter>Level</Filter>
    </ClCompile>
    <ClCompile Include="IntroLevel.cpp">
      <Filter>Level</Filter>
    </ClCompile>
    <ClCompile Include="IntroCut.cpp">
      <Filter>Object</Filter>
    </ClCompile>
    <ClCompile Include="TextArrow.cpp">
      <Filter>Global</Filter>
    </ClCompile>
    <ClCompile Include="BattleLevel.cpp">
      <Filter>Level</Filter>
    </ClCompile>
    <ClCompile Include="GameUnit.cpp">
      <Filter>GameUnit</Filter>
    </ClCompile>
    <ClCompile Include="BattleField.cpp">
      <Filter>BackGround</Filter>
    </ClCompile>
    <ClCompile Include="Bird.cpp">
      <Filter>Global</Filter>
    </ClCompile>
    <ClCompile Include="GameUnitUI.cpp">
      <Filter>GameUnit</Filter>
    </ClCompile>
    <ClCompile Include="Archer.cpp">
      <Filter>GameUnit\Archer</Filter>
    </ClCompile>
    <ClCompile Include="Arrow.cpp">
      <Filter>GameUnit\Archer</Filter>
    </ClCompile>
    <ClCompile Include="Knight.cpp">
      <Filter>GameUnit\Knight</Filter>
    </ClCompile>
    <ClCompile Include="KnightUltEffect.cpp">
      <Filter>GameUnit\Knight</Filter>
    </ClCompile>
    <ClCompile Include="Monk.cpp">
      <Filter>GameUnit\Monk</Filter>
    </ClCompile>
    <ClCompile Include="Ninja.cpp">
      <Filter>GameUnit\Ninja</Filter>
    </ClCompile>
    <ClCompile Include="NinjaUlt.cpp">
      <Filter>GameUnit\Ninja</Filter>
    </ClCompile>
    <ClCompile Include="Pyromancer.cpp">
      <Filter>GameUnit\Pyromancer</Filter>
    </ClCompile>
    <ClCompile Include="FireSpirit.cpp">
      <Filter>GameUnit\Pyromancer</Filter>
    </ClCompile>
    <ClCompile Include="FireSpiritAttack.cpp">
      <Filter>GameUnit\Pyromancer</Filter>
    </ClCompile>
    <ClCompile Include="FlameAttack.cpp">
      <Filter>GameUnit\Pyromancer</Filter>
    </ClCompile>
    <ClCompile Include="FlameEffect.cpp">
      <Filter>GameUnit\Pyromancer</Filter>
    </ClCompile>
    <ClCompile Include="FlameUlt.cpp">
      <Filter>GameUnit\Pyromancer</Filter>
    </ClCompile>
    <ClCompile Include="Swordman.cpp">
      <Filter>GameUnit\Swordman</Filter>
    </ClCompile>
    <ClCompile Include="SwordmanUltEffect.cpp">
      <Filter>GameUnit\Swordman</Filter>
    </ClCompile>
    <ClCompile Include="Pythoness.cpp">
      <Filter>GameUnit\Pythoness</Filter>
    </ClCompile>
    <ClCompile Include="PythonessAttack.cpp">
      <Filter>GameUnit\Pythoness</Filter>
    </ClCompile>
    <ClCompile Include="PythonessHeal.cpp">
      <Filter>GameUnit\Pythoness</Filter>
    </ClCompile>
    <ClCompile Include="PythonessSkill.cpp">
      <Filter>GameUnit\Pythoness</Filter>
    </ClCompile>
    <ClCompile Include="PythonessSkillBomb.cpp">
      <Filter>GameUnit\Pythoness</Filter>
    </ClCompile>
    <ClCompile Include="PythonessUlt.cpp">
      <Filter>GameUnit\Pythoness</Filter>
    </ClCompile>
    <ClCompile Include="Priest.cpp">
      <Filter>GameUnit\Priest</Filter>
    </ClCompile>
    <ClCompile Include="MonkUlt.cpp">
      <Filter>GameUnit\Monk</Filter>
    </ClCompile>
    <ClCompile Include="MonkShield.cpp">
      <Filter>GameUnit\Monk</Filter>
    </ClCompile>
    <ClCompile Include="KnightEffect.cpp">
      <Filter>GameUnit\Knight</Filter>
    </ClCompile>
    <ClCompile Include="PriestUlt.cpp">
      <Filter>GameUnit\Priest</Filter>
    </ClCompile>
    <ClCompile Include="PriestHealEffect.cpp">
      <Filter>GameUnit\Priest</Filter>
    </ClCompile>
    <ClCompile Include="BanPickLevel.cpp">
      <Filter>Level</Filter>
    </ClCompile>
    <ClCompile Include="GameUnitStatus.cpp">
      <Filter>GameUnit\Status</Filter>
    </ClCompile>
    <ClCompile Include="BanPickCard.cpp">
      <Filter>UI\UnitCard</Filter>
    </ClCompile>
    <ClCompile Include="UI_Mouse.cpp">
      <Filter>UI</Filter>
    </ClCompile>
    <ClCompile Include="ContentsControlWindow.cpp">
      <Filter>Global</Filter>
    </ClCompile>
    <ClCompile Include="MainLevel.cpp">
      <Filter>Level</Filter>
    </ClCompile>
    <ClCompile Include="HouseBackGround.cpp">
      <Filter>Global</Filter>
    </ClCompile>
    <ClCompile Include="easing.cpp" />
    <ClCompile Include="ButtonBundle.cpp">
      <Filter>UI\Bundle</Filter>
    </ClCompile>
    <ClCompile Include="BundleButton.cpp">
      <Filter>UI\Button</Filter>
    </ClCompile>
    <ClCompile Include="TeamBundle.cpp">
      <Filter>UI\Bundle</Filter>
    </ClCompile>
    <ClCompile Include="ManagerBundle.cpp">
      <Filter>UI\Bundle</Filter>
    </ClCompile>
    <ClCompile Include="BanPickBoard.cpp">
      <Filter>UI\BanPickUI</Filter>
    </ClCompile>
    <ClCompile Include="BanPickManager.cpp">
      <Filter>UI\BanPickUI</Filter>
    </ClCompile>
    <ClCompile Include="Default_Button.cpp">
      <Filter>UI\Button</Filter>
    </ClCompile>
    <ClCompile Include="GreenArrow.cpp">
      <Filter>UI\Button</Filter>
    </ClCompile>
    <ClCompile Include="MenuButton.cpp">
      <Filter>UI\Button</Filter>
    </ClCompile>
    <ClCompile Include="PlayerCard.cpp">
      <Filter>UI\UnitCard</Filter>
    </ClCompile>
    <ClCompile Include="PlayerCard_Status.cpp">
      <Filter>UI\UnitCard</Filter>
    </ClCompile>
    <ClCompile Include="UI_Button.cpp">
      <Filter>UI\Button</Filter>
    </ClCompile>
    <ClCompile Include="SlotButton.cpp">
      <Filter>UI\Button</Filter>
    </ClCompile>
    <ClCompile Include="House_UI.cpp">
      <Filter>UI\HouseUI</Filter>
    </ClCompile>
    <ClCompile Include="House.cpp">
      <Filter>UI\HouseUI</Filter>
    </ClCompile>
    <ClCompile Include="StadiumBoard.cpp">
      <Filter>UI\BanPickUI</Filter>
    </ClCompile>
    <ClCompile Include="NewGame_UI.cpp">
      <Filter>UI\HouseUI</Filter>
    </ClCompile>
    <ClCompile Include="BattleBundle.cpp">
      <Filter>UI\Bundle</Filter>
    </ClCompile>
    <ClCompile Include="GameBundle.cpp">
      <Filter>UI\Bundle</Filter>
    </ClCompile>
    <ClCompile Include="SystemBundle.cpp">
      <Filter>UI\Bundle</Filter>
    </ClCompile>
    <ClCompile Include="ProceedButton.cpp">
      <Filter>UI\Button</Filter>
    </ClCompile>
  </ItemGroup>
  <ItemGroup>
    <ClInclude Include="ContentsCore.h" />
    <ClInclude Include="PreCompile.h">
      <Filter>PreCompile</Filter>
    </ClInclude>
    <ClInclude Include="Player.h">
      <Filter>Object</Filter>
    </ClInclude>
    <ClInclude Include="PlayLevel.h">
      <Filter>Level</Filter>
    </ClInclude>
    <ClInclude Include="IntroLevel.h">
      <Filter>Level</Filter>
    </ClInclude>
    <ClInclude Include="IntroCut.h">
      <Filter>Object</Filter>
    </ClInclude>
    <ClInclude Include="ContentsEnum.h">
      <Filter>Global</Filter>
    </ClInclude>
    <ClInclude Include="TextArrow.h">
      <Filter>Global</Filter>
    </ClInclude>
    <ClInclude Include="BattleLevel.h">
      <Filter>Level</Filter>
    </ClInclude>
    <ClInclude Include="GameUnit.h">
      <Filter>GameUnit</Filter>
    </ClInclude>
    <ClInclude Include="BattleField.h">
      <Filter>BackGround</Filter>
    </ClInclude>
    <ClInclude Include="Bird.h">
      <Filter>Global</Filter>
    </ClInclude>
    <ClInclude Include="GameUnitUI.h">
      <Filter>GameUnit</Filter>
    </ClInclude>
    <ClInclude Include="Archer.h">
      <Filter>GameUnit\Archer</Filter>
    </ClInclude>
    <ClInclude Include="Arrow.h">
      <Filter>GameUnit\Archer</Filter>
    </ClInclude>
    <ClInclude Include="Knight.h">
      <Filter>GameUnit\Knight</Filter>
    </ClInclude>
    <ClInclude Include="KnightUltEffect.h">
      <Filter>GameUnit\Knight</Filter>
    </ClInclude>
    <ClInclude Include="Monk.h">
      <Filter>GameUnit\Monk</Filter>
    </ClInclude>
    <ClInclude Include="Ninja.h">
      <Filter>GameUnit\Ninja</Filter>
    </ClInclude>
    <ClInclude Include="NinjaUlt.h">
      <Filter>GameUnit\Ninja</Filter>
    </ClInclude>
    <ClInclude Include="Pyromancer.h">
      <Filter>GameUnit\Pyromancer</Filter>
    </ClInclude>
    <ClInclude Include="FireSpirit.h">
      <Filter>GameUnit\Pyromancer</Filter>
    </ClInclude>
    <ClInclude Include="FireSpiritAttack.h">
      <Filter>GameUnit\Pyromancer</Filter>
    </ClInclude>
    <ClInclude Include="FlameAttack.h">
      <Filter>GameUnit\Pyromancer</Filter>
    </ClInclude>
    <ClInclude Include="FlameEffect.h">
      <Filter>GameUnit\Pyromancer</Filter>
    </ClInclude>
    <ClInclude Include="FlameUlt.h">
      <Filter>GameUnit\Pyromancer</Filter>
    </ClInclude>
    <ClInclude Include="Swordman.h">
      <Filter>GameUnit\Swordman</Filter>
    </ClInclude>
    <ClInclude Include="SwordmanUltEffect.h">
      <Filter>GameUnit\Swordman</Filter>
    </ClInclude>
    <ClInclude Include="Pythoness.h">
      <Filter>GameUnit\Pythoness</Filter>
    </ClInclude>
    <ClInclude Include="PythonessAttack.h">
      <Filter>GameUnit\Pythoness</Filter>
    </ClInclude>
    <ClInclude Include="PythonessHeal.h">
      <Filter>GameUnit\Pythoness</Filter>
    </ClInclude>
    <ClInclude Include="PythonessSkill.h">
      <Filter>GameUnit\Pythoness</Filter>
    </ClInclude>
    <ClInclude Include="PythonessSkillBomb.h">
      <Filter>GameUnit\Pythoness</Filter>
    </ClInclude>
    <ClInclude Include="PythonessUlt.h">
      <Filter>GameUnit\Pythoness</Filter>
    </ClInclude>
    <ClInclude Include="Priest.h">
      <Filter>GameUnit\Priest</Filter>
    </ClInclude>
    <ClInclude Include="MonkUlt.h">
      <Filter>GameUnit\Monk</Filter>
    </ClInclude>
    <ClInclude Include="MonkShield.h">
      <Filter>GameUnit\Monk</Filter>
    </ClInclude>
    <ClInclude Include="KnightEffect.h">
      <Filter>GameUnit\Knight</Filter>
    </ClInclude>
    <ClInclude Include="PriestUlt.h">
      <Filter>GameUnit\Priest</Filter>
    </ClInclude>
    <ClInclude Include="PriestHealEffect.h">
      <Filter>GameUnit\Priest</Filter>
    </ClInclude>
    <ClInclude Include="BanPickLevel.h">
      <Filter>Level</Filter>
    </ClInclude>
    <ClInclude Include="GameUnitStatus.h">
      <Filter>GameUnit\Status</Filter>
    </ClInclude>
    <ClInclude Include="UI_Mouse.h">
      <Filter>UI</Filter>
    </ClInclude>
    <ClInclude Include="ContentsControlWindow.h">
      <Filter>Global</Filter>
    </ClInclude>
    <ClInclude Include="BanPickCard.h">
      <Filter>UI\UnitCard</Filter>
    </ClInclude>
    <ClInclude Include="MainLevel.h">
      <Filter>Level</Filter>
    </ClInclude>
    <ClInclude Include="HouseBackGround.h">
      <Filter>Global</Filter>
    </ClInclude>
    <ClInclude Include="easing.h" />
    <ClInclude Include="ButtonBundle.h">
      <Filter>UI\Bundle</Filter>
    </ClInclude>
    <ClInclude Include="BundleButton.h">
      <Filter>UI\Button</Filter>
    </ClInclude>
    <ClInclude Include="TeamBundle.h">
      <Filter>UI\Bundle</Filter>
    </ClInclude>
    <ClInclude Include="ManagerBundle.h">
      <Filter>UI\Bundle</Filter>
    </ClInclude>
    <ClInclude Include="BanPickBoard.h">
      <Filter>UI\BanPickUI</Filter>
    </ClInclude>
    <ClInclude Include="BanPickManager.h">
      <Filter>UI\BanPickUI</Filter>
    </ClInclude>
    <ClInclude Include="Default_Button.h">
      <Filter>UI\Button</Filter>
    </ClInclude>
    <ClInclude Include="GreenArrow.h">
      <Filter>UI\Button</Filter>
    </ClInclude>
    <ClInclude Include="MenuButton.h">
      <Filter>UI\Button</Filter>
    </ClInclude>
    <ClInclude Include="PlayerCard.h">
      <Filter>UI\UnitCard</Filter>
    </ClInclude>
    <ClInclude Include="PlayerCard_Status.h">
      <Filter>UI\UnitCard</Filter>
    </ClInclude>
    <ClInclude Include="UI_Button.h">
      <Filter>UI\Button</Filter>
    </ClInclude>
    <ClInclude Include="SlotButton.h">
      <Filter>UI\Button</Filter>
    </ClInclude>
    <ClInclude Include="House_UI.h">
      <Filter>UI\HouseUI</Filter>
    </ClInclude>
    <ClInclude Include="House.h">
      <Filter>UI\HouseUI</Filter>
    </ClInclude>
    <ClInclude Include="StadiumBoard.h">
      <Filter>UI\BanPickUI</Filter>
    </ClInclude>
    <ClInclude Include="NewGame_UI.h">
      <Filter>UI\HouseUI</Filter>
    </ClInclude>
    <ClInclude Include="BattleBundle.h">
      <Filter>UI\Bundle</Filter>
    </ClInclude>
    <ClInclude Include="GameBundle.h">
      <Filter>UI\Bundle</Filter>
    </ClInclude>
    <ClInclude Include="SystemBundle.h">
      <Filter>UI\Bundle</Filter>
    </ClInclude>
    <ClInclude Include="ProceedButton.h">
      <Filter>UI\Button</Filter>
    </ClInclude>
  </ItemGroup>
  <ItemGroup>
    <Filter Include="PreCompile">
      <UniqueIdentifier>{e2f3126a-53e3-4dff-8bab-f76e0adfb37b}</UniqueIdentifier>
    </Filter>
    <Filter Include="Object">
      <UniqueIdentifier>{c1ef8500-e967-4050-9628-9e42b372b15c}</UniqueIdentifier>
    </Filter>
    <Filter Include="Level">
      <UniqueIdentifier>{6c4e9cbc-6133-48d0-a5fb-f7021e74176a}</UniqueIdentifier>
    </Filter>
    <Filter Include="Global">
      <UniqueIdentifier>{67a73d0d-7248-48c8-b750-c71cc884cbf9}</UniqueIdentifier>
    </Filter>
    <Filter Include="UI">
      <UniqueIdentifier>{4c39215a-7913-403e-992a-07d620a9f227}</UniqueIdentifier>
    </Filter>
    <Filter Include="GameUnit">
      <UniqueIdentifier>{15a92824-070d-4f38-9156-af247525b1d3}</UniqueIdentifier>
    </Filter>
    <Filter Include="BackGround">
      <UniqueIdentifier>{bb44e4dc-a31b-49c2-a2ba-70deb0ba262d}</UniqueIdentifier>
    </Filter>
    <Filter Include="GameUnit\Archer">
      <UniqueIdentifier>{63b530f8-4de9-432b-a19c-502dc330611e}</UniqueIdentifier>
    </Filter>
    <Filter Include="GameUnit\Knight">
      <UniqueIdentifier>{8fc25bf9-28c8-42ea-8f8b-f3bc87e8d0c2}</UniqueIdentifier>
    </Filter>
    <Filter Include="GameUnit\Monk">
      <UniqueIdentifier>{02faa4f2-92f1-47e8-ba8b-c2250dbdfe56}</UniqueIdentifier>
    </Filter>
    <Filter Include="GameUnit\Ninja">
      <UniqueIdentifier>{c4f92db0-9792-4ad1-aeeb-24745b8ba60a}</UniqueIdentifier>
    </Filter>
    <Filter Include="GameUnit\Pyromancer">
      <UniqueIdentifier>{0e64bb35-4c7d-43d3-96e0-2ee559af7b07}</UniqueIdentifier>
    </Filter>
    <Filter Include="GameUnit\Swordman">
      <UniqueIdentifier>{f4a74836-747c-49fd-b462-99e97e0ae990}</UniqueIdentifier>
    </Filter>
    <Filter Include="GameUnit\Pythoness">
      <UniqueIdentifier>{bece7119-d457-47fa-830b-50815fc6571d}</UniqueIdentifier>
    </Filter>
    <Filter Include="GameUnit\Priest">
      <UniqueIdentifier>{c7a50339-09df-4b9a-94cb-da79b1d6cbf7}</UniqueIdentifier>
    </Filter>
    <Filter Include="GameUnit\Status">
      <UniqueIdentifier>{fd631684-eb58-4cae-b6a2-d009b9a81b71}</UniqueIdentifier>
    </Filter>
    <Filter Include="UI\UnitCard">
      <UniqueIdentifier>{8d514104-6634-420e-aed6-96dce1e0fdea}</UniqueIdentifier>
    </Filter>
    <Filter Include="UI\Bundle">
      <UniqueIdentifier>{fdd7ddee-2131-4a23-ac4d-5d0049acb9be}</UniqueIdentifier>
    </Filter>
    <Filter Include="UI\Button">
      <UniqueIdentifier>{68193013-58fe-4db7-84e4-cccb0cb7bfb4}</UniqueIdentifier>
    </Filter>
    <Filter Include="UI\BanPickUI">
      <UniqueIdentifier>{3b32060a-56c3-49ff-936b-a8957747c878}</UniqueIdentifier>
    </Filter>
    <Filter Include="UI\HouseUI">
      <UniqueIdentifier>{d4abcbcb-3116-43f9-81d0-38a4fa8ea3ee}</UniqueIdentifier>
    </Filter>
  </ItemGroup>
</Project>