<?xml version="1.0" encoding="utf-8"?>
<Project ToolsVersion="4.0" xmlns="http://schemas.microsoft.com/developer/msbuild/2003">
  <ItemGroup>
    <ClCompile Include="ContentsCore.cpp" />
    <ClCompile Include="PreCompile.cpp">
      <Filter>PreCompile</Filter>
    </ClCompile>
    <ClCompile Include="Player.cpp">
      <Filter>Object</Filter>
    </ClCompile>
    <ClCompile Include="PlayLevel.cpp">
      <Filter>Level</Filter>
    </ClCompile>
    <ClCompile Include="IntroLevel.cpp">
      <Filter>Level</Filter>
    </ClCompile>
    <ClCompile Include="IntroCut.cpp">
      <Filter>Object</Filter>
    </ClCompile>
    <ClCompile Include="NewGame_UI.cpp">
      <Filter>UI</Filter>
    </ClCompile>
    <ClCompile Include="TextArrow.cpp">
      <Filter>Global</Filter>
    </ClCompile>
    <ClCompile Include="BattleLevel.cpp">
      <Filter>Level</Filter>
    </ClCompile>
    <ClCompile Include="GameUnit.cpp">
      <Filter>GameUnit</Filter>
    </ClCompile>
    <ClCompile Include="Knight.cpp">
      <Filter>GameUnit</Filter>
    </ClCompile>
    <ClCompile Include="BattleField.cpp">
      <Filter>BackGround</Filter>
    </ClCompile>
    <ClCompile Include="Bird.cpp">
      <Filter>Global</Filter>
    </ClCompile>
    <ClCompile Include="Swordman.cpp">
      <Filter>GameUnit</Filter>
    </ClCompile>
    <ClCompile Include="GameUnitUI.cpp">
      <Filter>GameUnit</Filter>
    </ClCompile>
    <ClCompile Include="KnightUltEffect.cpp">
      <Filter>GameUnit</Filter>
    </ClCompile>
    <ClCompile Include="Monk.cpp">
      <Filter>GameUnit</Filter>
    </ClCompile>
    <ClCompile Include="Ninja.cpp">
      <Filter>GameUnit</Filter>
    </ClCompile>
    <ClCompile Include="SwordmanUltEffect.cpp">
      <Filter>GameUnit</Filter>
    </ClCompile>
    <ClCompile Include="NinjaUlt.cpp">
      <Filter>GameUnit</Filter>
    </ClCompile>
    <ClCompile Include="Archer.cpp">
      <Filter>GameUnit</Filter>
    </ClCompile>
    <ClCompile Include="Arrow.cpp">
      <Filter>GameUnit</Filter>
    </ClCompile>
    <ClCompile Include="Pyromancer.cpp">
      <Filter>GameUnit</Filter>
    </ClCompile>
    <ClCompile Include="FlameAttack.cpp">
      <Filter>GameUnit</Filter>
    </ClCompile>
    <ClCompile Include="FireSpirit.cpp">
      <Filter>GameUnit</Filter>
    </ClCompile>
    <ClCompile Include="FireSpiritAttack.cpp">
      <Filter>GameUnit</Filter>
    </ClCompile>
    <ClCompile Include="FlameUlt.cpp">
      <Filter>GameUnit</Filter>
    </ClCompile>
    <ClCompile Include="FlameEffect.cpp">
      <Filter>GameUnit</Filter>
    </ClCompile>
  </ItemGroup>
  <ItemGroup>
    <ClInclude Include="ContentsCore.h" />
    <ClInclude Include="PreCompile.h">
      <Filter>PreCompile</Filter>
    </ClInclude>
    <ClInclude Include="Player.h">
      <Filter>Object</Filter>
    </ClInclude>
    <ClInclude Include="PlayLevel.h">
      <Filter>Level</Filter>
    </ClInclude>
    <ClInclude Include="IntroLevel.h">
      <Filter>Level</Filter>
    </ClInclude>
    <ClInclude Include="IntroCut.h">
      <Filter>Object</Filter>
    </ClInclude>
    <ClInclude Include="ContentsEnum.h">
      <Filter>Global</Filter>
    </ClInclude>
    <ClInclude Include="NewGame_UI.h">
      <Filter>UI</Filter>
    </ClInclude>
    <ClInclude Include="TextArrow.h">
      <Filter>Global</Filter>
    </ClInclude>
    <ClInclude Include="BattleLevel.h">
      <Filter>Level</Filter>
    </ClInclude>
    <ClInclude Include="GameUnit.h">
      <Filter>GameUnit</Filter>
    </ClInclude>
    <ClInclude Include="Knight.h">
      <Filter>GameUnit</Filter>
    </ClInclude>
    <ClInclude Include="BattleField.h">
      <Filter>BackGround</Filter>
    </ClInclude>
    <ClInclude Include="Bird.h">
      <Filter>Global</Filter>
    </ClInclude>
    <ClInclude Include="Swordman.h">
      <Filter>GameUnit</Filter>
    </ClInclude>
    <ClInclude Include="GameUnitUI.h">
      <Filter>GameUnit</Filter>
    </ClInclude>
    <ClInclude Include="KnightUltEffect.h">
      <Filter>GameUnit</Filter>
    </ClInclude>
    <ClInclude Include="Monk.h">
      <Filter>GameUnit</Filter>
    </ClInclude>
    <ClInclude Include="Ninja.h">
      <Filter>GameUnit</Filter>
    </ClInclude>
    <ClInclude Include="SwordmanUltEffect.h">
      <Filter>GameUnit</Filter>
    </ClInclude>
    <ClInclude Include="NinjaUlt.h">
      <Filter>GameUnit</Filter>
    </ClInclude>
    <ClInclude Include="Archer.h">
      <Filter>GameUnit</Filter>
    </ClInclude>
    <ClInclude Include="Arrow.h">
      <Filter>GameUnit</Filter>
    </ClInclude>
    <ClInclude Include="Pyromancer.h">
      <Filter>GameUnit</Filter>
    </ClInclude>
    <ClInclude Include="FlameAttack.h">
      <Filter>GameUnit</Filter>
    </ClInclude>
    <ClInclude Include="FireSpirit.h">
      <Filter>GameUnit</Filter>
    </ClInclude>
    <ClInclude Include="FireSpiritAttack.h">
      <Filter>GameUnit</Filter>
    </ClInclude>
    <ClInclude Include="FlameUlt.h">
      <Filter>GameUnit</Filter>
    </ClInclude>
    <ClInclude Include="FlameEffect.h">
      <Filter>GameUnit</Filter>
    </ClInclude>
  </ItemGroup>
  <ItemGroup>
    <Filter Include="PreCompile">
      <UniqueIdentifier>{e2f3126a-53e3-4dff-8bab-f76e0adfb37b}</UniqueIdentifier>
    </Filter>
    <Filter Include="Object">
      <UniqueIdentifier>{c1ef8500-e967-4050-9628-9e42b372b15c}</UniqueIdentifier>
    </Filter>
    <Filter Include="Level">
      <UniqueIdentifier>{6c4e9cbc-6133-48d0-a5fb-f7021e74176a}</UniqueIdentifier>
    </Filter>
    <Filter Include="Global">
      <UniqueIdentifier>{67a73d0d-7248-48c8-b750-c71cc884cbf9}</UniqueIdentifier>
    </Filter>
    <Filter Include="UI">
      <UniqueIdentifier>{4c39215a-7913-403e-992a-07d620a9f227}</UniqueIdentifier>
    </Filter>
    <Filter Include="GameUnit">
      <UniqueIdentifier>{15a92824-070d-4f38-9156-af247525b1d3}</UniqueIdentifier>
    </Filter>
    <Filter Include="BackGround">
      <UniqueIdentifier>{bb44e4dc-a31b-49c2-a2ba-70deb0ba262d}</UniqueIdentifier>
    </Filter>
  </ItemGroup>
</Project>