<?xml version="1.0" encoding="utf-8"?>
<Project ToolsVersion="4.0" xmlns="http://schemas.microsoft.com/developer/msbuild/2003">
  <ItemGroup>
    <Filter Include="DOC">
      <UniqueIdentifier>{fb89e198-a781-41e5-abb7-56cee3666663}</UniqueIdentifier>
    </Filter>
  </ItemGroup>
  <ItemGroup>
    <FxCompile Include="ColorShader.fx" />
    <FxCompile Include="TextureShader.fx" />
    <FxCompile Include="Transform.fx" />
    <FxCompile Include="RenderBase.fx" />
    <FxCompile Include="DebugColorShader.fx" />
  </ItemGroup>
  <ItemGroup>
    <Text Include="ShaderRule.txt">
      <Filter>DOC</Filter>
    </Text>
  </ItemGroup>
</Project>